
Microsoft Visual Studio Solution File, Format Version 12.00
# Visual Studio Version 17
VisualStudioVersion = 17.9.34723.18
MinimumVisualStudioVersion = 10.0.40219.1
Project("{2150E333-8FDC-42A3-9474-1A3956D46DE8}") = "Composite", "Composite", "{B87A9C86-F916-4111-B6ED-DA106B309E34}"
EndProject
Project("{9A19103F-16F7-4668-BE54-9A1E7A4F7556}") = "Composite.Console", "Composite.Console\Composite.Console.csproj", "{9488E426-A7D9-4A37-A1AE-6A9282E153B4}"
EndProject
Project("{9A19103F-16F7-4668-BE54-9A1E7A4F7556}") = "Composite", "Composite\Composite.csproj", "{A753DFEE-3582-4D2B-90DA-B96A4960A17A}"
EndProject
Project("{2150E333-8FDC-42A3-9474-1A3956D46DE8}") = "Decorator", "Decorator", "{AE6FF259-6E8F-4E11-BA36-E52B7C6DCA45}"
EndProject
Project("{9A19103F-16F7-4668-BE54-9A1E7A4F7556}") = "Decorator.Console", "Decorator.Console\Decorator.Console.csproj", "{B1F4ADCC-B2EB-4302-998E-FB1FADA83747}"
EndProject
Project("{2150E333-8FDC-42A3-9474-1A3956D46DE8}") = "Flyweight", "Flyweight", "{283FA40F-E580-40A9-8411-9886CE3C8B51}"
EndProject
Project("{9A19103F-16F7-4668-BE54-9A1E7A4F7556}") = "Flyweight", "Flyweight\Flyweight.csproj", "{8805F8EC-8A08-4C14-8D68-FAF4FA580ABF}"
EndProject
Project("{2150E333-8FDC-42A3-9474-1A3956D46DE8}") = "Memento", "Memento", "{05D74C97-1FC9-4E03-ACFA-08EAB57AA62C}"
EndProject
Project("{9A19103F-16F7-4668-BE54-9A1E7A4F7556}") = "Memento", "Memento\Memento.csproj", "{48257C4A-93E9-4C4A-A3D2-6132EC6654C4}"
EndProject
Project("{2150E333-8FDC-42A3-9474-1A3956D46DE8}") = "Observer", "Observer", "{47D79A4D-580B-4B28-B4F7-3FF5348DFF2F}"
EndProject
Project("{9A19103F-16F7-4668-BE54-9A1E7A4F7556}") = "Observer", "Observer\Observer.csproj", "{A1797B19-B021-4B75-B340-A701EDBDBAE4}"
EndProject
Project("{2150E333-8FDC-42A3-9474-1A3956D46DE8}") = "Command", "Command", "{572E8785-2904-4D57-8E3F-D7A78F21ECF1}"
EndProject
Project("{9A19103F-16F7-4668-BE54-9A1E7A4F7556}") = "Command", "Command\Command.csproj", "{F3D77DD0-EE9F-4AD8-9E10-6E736E14B056}"
EndProject
Project("{2150E333-8FDC-42A3-9474-1A3956D46DE8}") = "ChainOfResponsibility", "ChainOfResponsibility", "{D3679F8F-0802-4E8C-B968-0C7DAB5C69C3}"
EndProject
Project("{9A19103F-16F7-4668-BE54-9A1E7A4F7556}") = "ChainOfResponsibility", "ChainOfResponsibility\ChainOfResponsibility.csproj", "{CD649A2D-AC41-4E36-94BE-98AD58E41784}"
EndProject
Project("{2150E333-8FDC-42A3-9474-1A3956D46DE8}") = "TemplateMethod", "TemplateMethod", "{1E20ECBE-3F72-4B96-BFFA-5E3FCBEA5753}"
EndProject
Project("{9A19103F-16F7-4668-BE54-9A1E7A4F7556}") = "TemplateMethod", "TemplateMethod\TemplateMethod.csproj", "{D5C14523-B004-44EA-A9D3-012DE90553A1}"
EndProject
Project("{2150E333-8FDC-42A3-9474-1A3956D46DE8}") = "Prototype", "Prototype", "{1DE83208-0B17-43FD-88DA-54D53EFE0B8F}"
EndProject
Project("{9A19103F-16F7-4668-BE54-9A1E7A4F7556}") = "Prototype", "Prototype\Prototype.csproj", "{7523A4A2-383E-4D19-80E8-E5A5BC47204A}"
EndProject
Project("{2150E333-8FDC-42A3-9474-1A3956D46DE8}") = "State", "State", "{ACAD67F7-2035-40BB-B633-45A58C84ED6B}"
EndProject
Project("{9A19103F-16F7-4668-BE54-9A1E7A4F7556}") = "State", "State\State.csproj", "{E57F5AE1-E5F6-4F74-BDBB-CF5C187C8BE2}"
EndProject
Project("{2150E333-8FDC-42A3-9474-1A3956D46DE8}") = "Visitor", "Visitor", "{0107999A-7D7E-4D9C-BF8B-44F37522141C}"
EndProject
Project("{9A19103F-16F7-4668-BE54-9A1E7A4F7556}") = "Visitor", "Visitor\Visitor.csproj", "{39E5C05C-6213-46A9-A502-0446F78BC2BC}"
EndProject
Project("{2150E333-8FDC-42A3-9474-1A3956D46DE8}") = "Iterator", "Iterator", "{C72CA561-A652-456F-8D65-DDC643AB7AEB}"
EndProject
Project("{9A19103F-16F7-4668-BE54-9A1E7A4F7556}") = "Iterator", "Iterator\Iterator.csproj", "{A7CEA8A9-7AA0-48CC-BB12-EF780E590C6C}"
EndProject
Project("{2150E333-8FDC-42A3-9474-1A3956D46DE8}") = "Builder", "Builder", "{9149EEDA-16BE-4DF1-BEC3-BD9E1129B410}"
EndProject
Project("{9A19103F-16F7-4668-BE54-9A1E7A4F7556}") = "Builder", "Builder\Builder.csproj", "{9E9F3F28-3BD0-40B7-A3BB-B3670B3BBD2A}"
EndProject
Project("{2150E333-8FDC-42A3-9474-1A3956D46DE8}") = "Singleton", "Singleton", "{B87FD2FE-4D0B-4261-9209-C45BBE1EBFBA}"
EndProject
Project("{9A19103F-16F7-4668-BE54-9A1E7A4F7556}") = "Singleton", "Singleton\Singleton.csproj", "{B633435E-8EB1-4B94-9B97-75E1CACB9B23}"
EndProject
Project("{2150E333-8FDC-42A3-9474-1A3956D46DE8}") = "FactoryMethod", "FactoryMethod", "{679ABACB-E660-48CA-B4A0-9CF5DBEF4A67}"
EndProject
Project("{9A19103F-16F7-4668-BE54-9A1E7A4F7556}") = "FactoryMethod", "FactoryMethod\FactoryMethod.csproj", "{4D2BE211-7EE9-40F2-ABB1-AED4A109CDA3}"
EndProject
Project("{2150E333-8FDC-42A3-9474-1A3956D46DE8}") = "AbstractFactory", "AbstractFactory", "{28AE8D92-A0A7-49C7-BCD6-10AC77725B38}"
EndProject
Project("{9A19103F-16F7-4668-BE54-9A1E7A4F7556}") = "AbstractFactory", "AbstractFactory\AbstractFactory.csproj", "{90EB2654-BE8F-4937-A146-823EA6E3120C}"
EndProject
Project("{2150E333-8FDC-42A3-9474-1A3956D46DE8}") = "Adapter", "Adapter", "{32B062D3-423F-4F39-A27A-01A8A56BEE1B}"
EndProject
Project("{9A19103F-16F7-4668-BE54-9A1E7A4F7556}") = "Adapter", "Adapter\Adapter.csproj", "{C08E6039-557E-4815-805C-854F07DED0E0}"
EndProject
Project("{2150E333-8FDC-42A3-9474-1A3956D46DE8}") = "Bridge", "Bridge", "{EFA01956-25EB-40FA-9E4B-8FBEED6CF745}"
EndProject
Project("{FAE04EC0-301F-11D3-BF4B-00C04F79EFBC}") = "Bridge", "Bridge\Bridge.csproj", "{47E68602-3E37-476D-8169-B59CBB8C0114}"
EndProject
Global
	GlobalSection(SolutionConfigurationPlatforms) = preSolution
		Debug|Any CPU = Debug|Any CPU
		Release|Any CPU = Release|Any CPU
	EndGlobalSection
	GlobalSection(ProjectConfigurationPlatforms) = postSolution
		{9488E426-A7D9-4A37-A1AE-6A9282E153B4}.Debug|Any CPU.ActiveCfg = Debug|Any CPU
		{9488E426-A7D9-4A37-A1AE-6A9282E153B4}.Debug|Any CPU.Build.0 = Debug|Any CPU
		{9488E426-A7D9-4A37-A1AE-6A9282E153B4}.Release|Any CPU.ActiveCfg = Release|Any CPU
		{9488E426-A7D9-4A37-A1AE-6A9282E153B4}.Release|Any CPU.Build.0 = Release|Any CPU
		{A753DFEE-3582-4D2B-90DA-B96A4960A17A}.Debug|Any CPU.ActiveCfg = Debug|Any CPU
		{A753DFEE-3582-4D2B-90DA-B96A4960A17A}.Debug|Any CPU.Build.0 = Debug|Any CPU
		{A753DFEE-3582-4D2B-90DA-B96A4960A17A}.Release|Any CPU.ActiveCfg = Release|Any CPU
		{A753DFEE-3582-4D2B-90DA-B96A4960A17A}.Release|Any CPU.Build.0 = Release|Any CPU
		{B1F4ADCC-B2EB-4302-998E-FB1FADA83747}.Debug|Any CPU.ActiveCfg = Debug|Any CPU
		{B1F4ADCC-B2EB-4302-998E-FB1FADA83747}.Debug|Any CPU.Build.0 = Debug|Any CPU
		{B1F4ADCC-B2EB-4302-998E-FB1FADA83747}.Release|Any CPU.ActiveCfg = Release|Any CPU
		{B1F4ADCC-B2EB-4302-998E-FB1FADA83747}.Release|Any CPU.Build.0 = Release|Any CPU
		{8805F8EC-8A08-4C14-8D68-FAF4FA580ABF}.Debug|Any CPU.ActiveCfg = Debug|Any CPU
		{8805F8EC-8A08-4C14-8D68-FAF4FA580ABF}.Debug|Any CPU.Build.0 = Debug|Any CPU
		{8805F8EC-8A08-4C14-8D68-FAF4FA580ABF}.Release|Any CPU.ActiveCfg = Release|Any CPU
		{8805F8EC-8A08-4C14-8D68-FAF4FA580ABF}.Release|Any CPU.Build.0 = Release|Any CPU
		{48257C4A-93E9-4C4A-A3D2-6132EC6654C4}.Debug|Any CPU.ActiveCfg = Debug|Any CPU
		{48257C4A-93E9-4C4A-A3D2-6132EC6654C4}.Debug|Any CPU.Build.0 = Debug|Any CPU
		{48257C4A-93E9-4C4A-A3D2-6132EC6654C4}.Release|Any CPU.ActiveCfg = Release|Any CPU
		{48257C4A-93E9-4C4A-A3D2-6132EC6654C4}.Release|Any CPU.Build.0 = Release|Any CPU
		{A1797B19-B021-4B75-B340-A701EDBDBAE4}.Debug|Any CPU.ActiveCfg = Debug|Any CPU
		{A1797B19-B021-4B75-B340-A701EDBDBAE4}.Debug|Any CPU.Build.0 = Debug|Any CPU
		{A1797B19-B021-4B75-B340-A701EDBDBAE4}.Release|Any CPU.ActiveCfg = Release|Any CPU
		{A1797B19-B021-4B75-B340-A701EDBDBAE4}.Release|Any CPU.Build.0 = Release|Any CPU
		{F3D77DD0-EE9F-4AD8-9E10-6E736E14B056}.Debug|Any CPU.ActiveCfg = Debug|Any CPU
		{F3D77DD0-EE9F-4AD8-9E10-6E736E14B056}.Debug|Any CPU.Build.0 = Debug|Any CPU
		{F3D77DD0-EE9F-4AD8-9E10-6E736E14B056}.Release|Any CPU.ActiveCfg = Release|Any CPU
		{F3D77DD0-EE9F-4AD8-9E10-6E736E14B056}.Release|Any CPU.Build.0 = Release|Any CPU
		{CD649A2D-AC41-4E36-94BE-98AD58E41784}.Debug|Any CPU.ActiveCfg = Debug|Any CPU
		{CD649A2D-AC41-4E36-94BE-98AD58E41784}.Debug|Any CPU.Build.0 = Debug|Any CPU
		{CD649A2D-AC41-4E36-94BE-98AD58E41784}.Release|Any CPU.ActiveCfg = Release|Any CPU
		{CD649A2D-AC41-4E36-94BE-98AD58E41784}.Release|Any CPU.Build.0 = Release|Any CPU
		{D5C14523-B004-44EA-A9D3-012DE90553A1}.Debug|Any CPU.ActiveCfg = Debug|Any CPU
		{D5C14523-B004-44EA-A9D3-012DE90553A1}.Debug|Any CPU.Build.0 = Debug|Any CPU
		{D5C14523-B004-44EA-A9D3-012DE90553A1}.Release|Any CPU.ActiveCfg = Release|Any CPU
		{D5C14523-B004-44EA-A9D3-012DE90553A1}.Release|Any CPU.Build.0 = Release|Any CPU
		{7523A4A2-383E-4D19-80E8-E5A5BC47204A}.Debug|Any CPU.ActiveCfg = Debug|Any CPU
		{7523A4A2-383E-4D19-80E8-E5A5BC47204A}.Debug|Any CPU.Build.0 = Debug|Any CPU
		{7523A4A2-383E-4D19-80E8-E5A5BC47204A}.Release|Any CPU.ActiveCfg = Release|Any CPU
		{7523A4A2-383E-4D19-80E8-E5A5BC47204A}.Release|Any CPU.Build.0 = Release|Any CPU
		{E57F5AE1-E5F6-4F74-BDBB-CF5C187C8BE2}.Debug|Any CPU.ActiveCfg = Debug|Any CPU
		{E57F5AE1-E5F6-4F74-BDBB-CF5C187C8BE2}.Debug|Any CPU.Build.0 = Debug|Any CPU
		{E57F5AE1-E5F6-4F74-BDBB-CF5C187C8BE2}.Release|Any CPU.ActiveCfg = Release|Any CPU
		{E57F5AE1-E5F6-4F74-BDBB-CF5C187C8BE2}.Release|Any CPU.Build.0 = Release|Any CPU
		{39E5C05C-6213-46A9-A502-0446F78BC2BC}.Debug|Any CPU.ActiveCfg = Debug|Any CPU
		{39E5C05C-6213-46A9-A502-0446F78BC2BC}.Debug|Any CPU.Build.0 = Debug|Any CPU
		{39E5C05C-6213-46A9-A502-0446F78BC2BC}.Release|Any CPU.ActiveCfg = Release|Any CPU
		{39E5C05C-6213-46A9-A502-0446F78BC2BC}.Release|Any CPU.Build.0 = Release|Any CPU
		{A7CEA8A9-7AA0-48CC-BB12-EF780E590C6C}.Debug|Any CPU.ActiveCfg = Debug|Any CPU
		{A7CEA8A9-7AA0-48CC-BB12-EF780E590C6C}.Debug|Any CPU.Build.0 = Debug|Any CPU
		{A7CEA8A9-7AA0-48CC-BB12-EF780E590C6C}.Release|Any CPU.ActiveCfg = Release|Any CPU
		{A7CEA8A9-7AA0-48CC-BB12-EF780E590C6C}.Release|Any CPU.Build.0 = Release|Any CPU
		{9E9F3F28-3BD0-40B7-A3BB-B3670B3BBD2A}.Debug|Any CPU.ActiveCfg = Debug|Any CPU
		{9E9F3F28-3BD0-40B7-A3BB-B3670B3BBD2A}.Debug|Any CPU.Build.0 = Debug|Any CPU
		{9E9F3F28-3BD0-40B7-A3BB-B3670B3BBD2A}.Release|Any CPU.ActiveCfg = Release|Any CPU
		{9E9F3F28-3BD0-40B7-A3BB-B3670B3BBD2A}.Release|Any CPU.Build.0 = Release|Any CPU
		{B633435E-8EB1-4B94-9B97-75E1CACB9B23}.Debug|Any CPU.ActiveCfg = Debug|Any CPU
		{B633435E-8EB1-4B94-9B97-75E1CACB9B23}.Debug|Any CPU.Build.0 = Debug|Any CPU
		{B633435E-8EB1-4B94-9B97-75E1CACB9B23}.Release|Any CPU.ActiveCfg = Release|Any CPU
		{B633435E-8EB1-4B94-9B97-75E1CACB9B23}.Release|Any CPU.Build.0 = Release|Any CPU
		{4D2BE211-7EE9-40F2-ABB1-AED4A109CDA3}.Debug|Any CPU.ActiveCfg = Debug|Any CPU
		{4D2BE211-7EE9-40F2-ABB1-AED4A109CDA3}.Debug|Any CPU.Build.0 = Debug|Any CPU
		{4D2BE211-7EE9-40F2-ABB1-AED4A109CDA3}.Release|Any CPU.ActiveCfg = Release|Any CPU
		{4D2BE211-7EE9-40F2-ABB1-AED4A109CDA3}.Release|Any CPU.Build.0 = Release|Any CPU
		{90EB2654-BE8F-4937-A146-823EA6E3120C}.Debug|Any CPU.ActiveCfg = Debug|Any CPU
		{90EB2654-BE8F-4937-A146-823EA6E3120C}.Debug|Any CPU.Build.0 = Debug|Any CPU
		{90EB2654-BE8F-4937-A146-823EA6E3120C}.Release|Any CPU.ActiveCfg = Release|Any CPU
		{90EB2654-BE8F-4937-A146-823EA6E3120C}.Release|Any CPU.Build.0 = Release|Any CPU
		{C08E6039-557E-4815-805C-854F07DED0E0}.Debug|Any CPU.ActiveCfg = Debug|Any CPU
		{C08E6039-557E-4815-805C-854F07DED0E0}.Debug|Any CPU.Build.0 = Debug|Any CPU
		{C08E6039-557E-4815-805C-854F07DED0E0}.Release|Any CPU.ActiveCfg = Release|Any CPU
		{C08E6039-557E-4815-805C-854F07DED0E0}.Release|Any CPU.Build.0 = Release|Any CPU
		{47E68602-3E37-476D-8169-B59CBB8C0114}.Debug|Any CPU.ActiveCfg = Debug|Any CPU
		{47E68602-3E37-476D-8169-B59CBB8C0114}.Debug|Any CPU.Build.0 = Debug|Any CPU
		{47E68602-3E37-476D-8169-B59CBB8C0114}.Release|Any CPU.ActiveCfg = Release|Any CPU
		{47E68602-3E37-476D-8169-B59CBB8C0114}.Release|Any CPU.Build.0 = Release|Any CPU
	EndGlobalSection
	GlobalSection(SolutionProperties) = preSolution
		HideSolutionNode = FALSE
	EndGlobalSection
	GlobalSection(NestedProjects) = preSolution
		{9488E426-A7D9-4A37-A1AE-6A9282E153B4} = {B87A9C86-F916-4111-B6ED-DA106B309E34}
		{A753DFEE-3582-4D2B-90DA-B96A4960A17A} = {B87A9C86-F916-4111-B6ED-DA106B309E34}
		{B1F4ADCC-B2EB-4302-998E-FB1FADA83747} = {AE6FF259-6E8F-4E11-BA36-E52B7C6DCA45}
		{8805F8EC-8A08-4C14-8D68-FAF4FA580ABF} = {283FA40F-E580-40A9-8411-9886CE3C8B51}
		{48257C4A-93E9-4C4A-A3D2-6132EC6654C4} = {05D74C97-1FC9-4E03-ACFA-08EAB57AA62C}
		{A1797B19-B021-4B75-B340-A701EDBDBAE4} = {47D79A4D-580B-4B28-B4F7-3FF5348DFF2F}
		{F3D77DD0-EE9F-4AD8-9E10-6E736E14B056} = {572E8785-2904-4D57-8E3F-D7A78F21ECF1}
		{CD649A2D-AC41-4E36-94BE-98AD58E41784} = {D3679F8F-0802-4E8C-B968-0C7DAB5C69C3}
		{D5C14523-B004-44EA-A9D3-012DE90553A1} = {1E20ECBE-3F72-4B96-BFFA-5E3FCBEA5753}
		{7523A4A2-383E-4D19-80E8-E5A5BC47204A} = {1DE83208-0B17-43FD-88DA-54D53EFE0B8F}
		{E57F5AE1-E5F6-4F74-BDBB-CF5C187C8BE2} = {ACAD67F7-2035-40BB-B633-45A58C84ED6B}
		{39E5C05C-6213-46A9-A502-0446F78BC2BC} = {0107999A-7D7E-4D9C-BF8B-44F37522141C}
		{A7CEA8A9-7AA0-48CC-BB12-EF780E590C6C} = {C72CA561-A652-456F-8D65-DDC643AB7AEB}
		{9E9F3F28-3BD0-40B7-A3BB-B3670B3BBD2A} = {9149EEDA-16BE-4DF1-BEC3-BD9E1129B410}
		{B633435E-8EB1-4B94-9B97-75E1CACB9B23} = {B87FD2FE-4D0B-4261-9209-C45BBE1EBFBA}
		{4D2BE211-7EE9-40F2-ABB1-AED4A109CDA3} = {679ABACB-E660-48CA-B4A0-9CF5DBEF4A67}
		{90EB2654-BE8F-4937-A146-823EA6E3120C} = {28AE8D92-A0A7-49C7-BCD6-10AC77725B38}
		{C08E6039-557E-4815-805C-854F07DED0E0} = {32B062D3-423F-4F39-A27A-01A8A56BEE1B}
		{47E68602-3E37-476D-8169-B59CBB8C0114} = {EFA01956-25EB-40FA-9E4B-8FBEED6CF745}
	EndGlobalSection
	GlobalSection(ExtensibilityGlobals) = postSolution
		SolutionGuid = {9D203988-F92F-4D57-85A3-082C9E13FB59}
	EndGlobalSection
EndGlobal
